// !$*UTF8*$!
{
	archiveVersion = 1;
	classes = {
	};
	objectVersion = 51;
	objects = {

/* Begin PBXBuildFile section */
		F0DEACAFE47993BA5BBC878C /* Pods_unsplashTutorial.framework in Frameworks */ = {isa = PBXBuildFile; fileRef = 699976B7E09137A79FCEB4E6 /* Pods_unsplashTutorial.framework */; };
		F84EB35425BC28A0000702A2 /* AppDelegate.swift in Sources */ = {isa = PBXBuildFile; fileRef = F84EB35325BC28A0000702A2 /* AppDelegate.swift */; };
		F84EB35625BC28A0000702A2 /* SceneDelegate.swift in Sources */ = {isa = PBXBuildFile; fileRef = F84EB35525BC28A0000702A2 /* SceneDelegate.swift */; };
		F84EB35825BC28A0000702A2 /* HomeVC.swift in Sources */ = {isa = PBXBuildFile; fileRef = F84EB35725BC28A0000702A2 /* HomeVC.swift */; };
		F84EB35B25BC28A0000702A2 /* Main.storyboard in Resources */ = {isa = PBXBuildFile; fileRef = F84EB35925BC28A0000702A2 /* Main.storyboard */; };
		F84EB35D25BC28A4000702A2 /* Assets.xcassets in Resources */ = {isa = PBXBuildFile; fileRef = F84EB35C25BC28A4000702A2 /* Assets.xcassets */; };
		F84EB36025BC28A4000702A2 /* LaunchScreen.storyboard in Resources */ = {isa = PBXBuildFile; fileRef = F84EB35E25BC28A4000702A2 /* LaunchScreen.storyboard */; };
		F84EB36B25BC2C4A000702A2 /* UserListVC.swift in Sources */ = {isa = PBXBuildFile; fileRef = F84EB36A25BC2C4A000702A2 /* UserListVC.swift */; };
		F84EB36E25BC2CB0000702A2 /* PhotoCollectionVC.swift in Sources */ = {isa = PBXBuildFile; fileRef = F84EB36D25BC2CB0000702A2 /* PhotoCollectionVC.swift */; };
		F85561E725BE528D00D4D1DA /* Constants.swift in Sources */ = {isa = PBXBuildFile; fileRef = F85561E625BE528D00D4D1DA /* Constants.swift */; };
		F85561EC25BE55BC00D4D1DA /* BaseVC.swift in Sources */ = {isa = PBXBuildFile; fileRef = F85561EB25BE55BC00D4D1DA /* BaseVC.swift */; };
		F87CD80B25BFD33900723CC3 /* MyAlamofireManager.swift in Sources */ = {isa = PBXBuildFile; fileRef = F87CD80A25BFD33900723CC3 /* MyAlamofireManager.swift */; };
		F87CD80E25BFD5BB00723CC3 /* BaseInterceptor.swift in Sources */ = {isa = PBXBuildFile; fileRef = F87CD80D25BFD5BB00723CC3 /* BaseInterceptor.swift */; };
		F87CD81125C03ABE00723CC3 /* MyLogger.swift in Sources */ = {isa = PBXBuildFile; fileRef = F87CD81025C03ABE00723CC3 /* MyLogger.swift */; };
		F87CD81425C03CC100723CC3 /* MySearchRouter.swift in Sources */ = {isa = PBXBuildFile; fileRef = F87CD81325C03CC100723CC3 /* MySearchRouter.swift */; };
		F87CD81725C04DDA00723CC3 /* MyApiStatusLogger.swift in Sources */ = {isa = PBXBuildFile; fileRef = F87CD81625C04DDA00723CC3 /* MyApiStatusLogger.swift */; };
/* End PBXBuildFile section */

/* Begin PBXFileReference section */
		617B2DD34E1CE43C37ADED85 /* Pods-unsplashTutorial.debug.xcconfig */ = {isa = PBXFileReference; includeInIndex = 1; lastKnownFileType = text.xcconfig; name = "Pods-unsplashTutorial.debug.xcconfig"; path = "Target Support Files/Pods-unsplashTutorial/Pods-unsplashTutorial.debug.xcconfig"; sourceTree = "<group>"; };
		699976B7E09137A79FCEB4E6 /* Pods_unsplashTutorial.framework */ = {isa = PBXFileReference; explicitFileType = wrapper.framework; includeInIndex = 0; path = Pods_unsplashTutorial.framework; sourceTree = BUILT_PRODUCTS_DIR; };
		DE223E7837339F59BF4FD544 /* Pods-unsplashTutorial.release.xcconfig */ = {isa = PBXFileReference; includeInIndex = 1; lastKnownFileType = text.xcconfig; name = "Pods-unsplashTutorial.release.xcconfig"; path = "Target Support Files/Pods-unsplashTutorial/Pods-unsplashTutorial.release.xcconfig"; sourceTree = "<group>"; };
		F84EB35025BC28A0000702A2 /* unsplashTutorial.app */ = {isa = PBXFileReference; explicitFileType = wrapper.application; includeInIndex = 0; path = unsplashTutorial.app; sourceTree = BUILT_PRODUCTS_DIR; };
		F84EB35325BC28A0000702A2 /* AppDelegate.swift */ = {isa = PBXFileReference; lastKnownFileType = sourcecode.swift; path = AppDelegate.swift; sourceTree = "<group>"; };
		F84EB35525BC28A0000702A2 /* SceneDelegate.swift */ = {isa = PBXFileReference; lastKnownFileType = sourcecode.swift; path = SceneDelegate.swift; sourceTree = "<group>"; };
		F84EB35725BC28A0000702A2 /* HomeVC.swift */ = {isa = PBXFileReference; lastKnownFileType = sourcecode.swift; path = HomeVC.swift; sourceTree = "<group>"; };
		F84EB35A25BC28A0000702A2 /* Base */ = {isa = PBXFileReference; lastKnownFileType = file.storyboard; name = Base; path = Base.lproj/Main.storyboard; sourceTree = "<group>"; };
		F84EB35C25BC28A4000702A2 /* Assets.xcassets */ = {isa = PBXFileReference; lastKnownFileType = folder.assetcatalog; path = Assets.xcassets; sourceTree = "<group>"; };
		F84EB35F25BC28A4000702A2 /* Base */ = {isa = PBXFileReference; lastKnownFileType = file.storyboard; name = Base; path = Base.lproj/LaunchScreen.storyboard; sourceTree = "<group>"; };
		F84EB36125BC28A4000702A2 /* Info.plist */ = {isa = PBXFileReference; lastKnownFileType = text.plist.xml; path = Info.plist; sourceTree = "<group>"; };
		F84EB36A25BC2C4A000702A2 /* UserListVC.swift */ = {isa = PBXFileReference; lastKnownFileType = sourcecode.swift; path = UserListVC.swift; sourceTree = "<group>"; };
		F84EB36D25BC2CB0000702A2 /* PhotoCollectionVC.swift */ = {isa = PBXFileReference; lastKnownFileType = sourcecode.swift; path = PhotoCollectionVC.swift; sourceTree = "<group>"; };
		F85561E625BE528D00D4D1DA /* Constants.swift */ = {isa = PBXFileReference; lastKnownFileType = sourcecode.swift; path = Constants.swift; sourceTree = "<group>"; };
		F85561EB25BE55BC00D4D1DA /* BaseVC.swift */ = {isa = PBXFileReference; lastKnownFileType = sourcecode.swift; path = BaseVC.swift; sourceTree = "<group>"; };
		F87CD80A25BFD33900723CC3 /* MyAlamofireManager.swift */ = {isa = PBXFileReference; lastKnownFileType = sourcecode.swift; path = MyAlamofireManager.swift; sourceTree = "<group>"; };
		F87CD80D25BFD5BB00723CC3 /* BaseInterceptor.swift */ = {isa = PBXFileReference; lastKnownFileType = sourcecode.swift; path = BaseInterceptor.swift; sourceTree = "<group>"; };
		F87CD81025C03ABE00723CC3 /* MyLogger.swift */ = {isa = PBXFileReference; lastKnownFileType = sourcecode.swift; path = MyLogger.swift; sourceTree = "<group>"; };
		F87CD81325C03CC100723CC3 /* MySearchRouter.swift */ = {isa = PBXFileReference; lastKnownFileType = sourcecode.swift; path = MySearchRouter.swift; sourceTree = "<group>"; };
		F87CD81625C04DDA00723CC3 /* MyApiStatusLogger.swift */ = {isa = PBXFileReference; lastKnownFileType = sourcecode.swift; path = MyApiStatusLogger.swift; sourceTree = "<group>"; };
/* End PBXFileReference section */

/* Begin PBXFrameworksBuildPhase section */
		F84EB34D25BC28A0000702A2 /* Frameworks */ = {
			isa = PBXFrameworksBuildPhase;
			buildActionMask = 2147483647;
			files = (
				F0DEACAFE47993BA5BBC878C /* Pods_unsplashTutorial.framework in Frameworks */,
			);
			runOnlyForDeploymentPostprocessing = 0;
		};
/* End PBXFrameworksBuildPhase section */

/* Begin PBXGroup section */
		D8B5C41D8CC779FE0CD711B6 /* Pods */ = {
			isa = PBXGroup;
			children = (
				617B2DD34E1CE43C37ADED85 /* Pods-unsplashTutorial.debug.xcconfig */,
				DE223E7837339F59BF4FD544 /* Pods-unsplashTutorial.release.xcconfig */,
			);
			path = Pods;
			sourceTree = "<group>";
		};
		F394BEDF882DBEE19CC3480F /* Frameworks */ = {
			isa = PBXGroup;
			children = (
				699976B7E09137A79FCEB4E6 /* Pods_unsplashTutorial.framework */,
			);
			name = Frameworks;
			sourceTree = "<group>";
		};
		F80BC68A25BDCD0500384045 /* ViewControllers */ = {
			isa = PBXGroup;
			children = (
				F84EB35725BC28A0000702A2 /* HomeVC.swift */,
				F84EB36A25BC2C4A000702A2 /* UserListVC.swift */,
				F84EB36D25BC2CB0000702A2 /* PhotoCollectionVC.swift */,
				F85561EB25BE55BC00D4D1DA /* BaseVC.swift */,
			);
			path = ViewControllers;
			sourceTree = "<group>";
		};
		F84EB34725BC289F000702A2 = {
			isa = PBXGroup;
			children = (
				F84EB35225BC28A0000702A2 /* unsplashTutorial */,
				F84EB35125BC28A0000702A2 /* Products */,
				D8B5C41D8CC779FE0CD711B6 /* Pods */,
				F394BEDF882DBEE19CC3480F /* Frameworks */,
			);
			sourceTree = "<group>";
		};
		F84EB35125BC28A0000702A2 /* Products */ = {
			isa = PBXGroup;
			children = (
				F84EB35025BC28A0000702A2 /* unsplashTutorial.app */,
			);
			name = Products;
			sourceTree = "<group>";
		};
		F84EB35225BC28A0000702A2 /* unsplashTutorial */ = {
			isa = PBXGroup;
			children = (
				F87CD80925BFD31F00723CC3 /*  API */,
				F85561E525BE526F00D4D1DA /* Utils */,
				F80BC68A25BDCD0500384045 /* ViewControllers */,
				F84EB35325BC28A0000702A2 /* AppDelegate.swift */,
				F84EB35525BC28A0000702A2 /* SceneDelegate.swift */,
				F84EB35925BC28A0000702A2 /* Main.storyboard */,
				F84EB35C25BC28A4000702A2 /* Assets.xcassets */,
				F84EB35E25BC28A4000702A2 /* LaunchScreen.storyboard */,
				F84EB36125BC28A4000702A2 /* Info.plist */,
			);
			path = unsplashTutorial;
			sourceTree = "<group>";
		};
		F85561E525BE526F00D4D1DA /* Utils */ = {
			isa = PBXGroup;
			children = (
				F85561E625BE528D00D4D1DA /* Constants.swift */,
			);
			path = Utils;
			sourceTree = "<group>";
		};
		F87CD80925BFD31F00723CC3 /*  API */ = {
			isa = PBXGroup;
			children = (
				F87CD80A25BFD33900723CC3 /* MyAlamofireManager.swift */,
				F87CD80D25BFD5BB00723CC3 /* BaseInterceptor.swift */,
				F87CD81025C03ABE00723CC3 /* MyLogger.swift */,
				F87CD81325C03CC100723CC3 /* MySearchRouter.swift */,
				F87CD81625C04DDA00723CC3 /* MyApiStatusLogger.swift */,
			);
			path = " API";
			sourceTree = "<group>";
		};
/* End PBXGroup section */

/* Begin PBXNativeTarget section */
		F84EB34F25BC28A0000702A2 /* unsplashTutorial */ = {
			isa = PBXNativeTarget;
			buildConfigurationList = F84EB36425BC28A4000702A2 /* Build configuration list for PBXNativeTarget "unsplashTutorial" */;
			buildPhases = (
				2CF93C98EE9235A456A4341E /* [CP] Check Pods Manifest.lock */,
				F84EB34C25BC28A0000702A2 /* Sources */,
				F84EB34D25BC28A0000702A2 /* Frameworks */,
				F84EB34E25BC28A0000702A2 /* Resources */,
				9A3CF99636036185A86F4799 /* [CP] Embed Pods Frameworks */,
			);
			buildRules = (
			);
			dependencies = (
			);
			name = unsplashTutorial;
			productName = unsplashTutorial;
			productReference = F84EB35025BC28A0000702A2 /* unsplashTutorial.app */;
			productType = "com.apple.product-type.application";
		};
/* End PBXNativeTarget section */

/* Begin PBXProject section */
		F84EB34825BC289F000702A2 /* Project object */ = {
			isa = PBXProject;
			attributes = {
				LastSwiftUpdateCheck = 1230;
				LastUpgradeCheck = 1230;
				TargetAttributes = {
					F84EB34F25BC28A0000702A2 = {
						CreatedOnToolsVersion = 12.3;
					};
				};
			};
			buildConfigurationList = F84EB34B25BC289F000702A2 /* Build configuration list for PBXProject "unsplashTutorial" */;
			compatibilityVersion = "Xcode 9.3";
			developmentRegion = en;
			hasScannedForEncodings = 0;
			knownRegions = (
				en,
				Base,
			);
			mainGroup = F84EB34725BC289F000702A2;
			productRefGroup = F84EB35125BC28A0000702A2 /* Products */;
			projectDirPath = "";
			projectRoot = "";
			targets = (
				F84EB34F25BC28A0000702A2 /* unsplashTutorial */,
			);
		};
/* End PBXProject section */

/* Begin PBXResourcesBuildPhase section */
		F84EB34E25BC28A0000702A2 /* Resources */ = {
			isa = PBXResourcesBuildPhase;
			buildActionMask = 2147483647;
			files = (
				F84EB36025BC28A4000702A2 /* LaunchScreen.storyboard in Resources */,
				F84EB35D25BC28A4000702A2 /* Assets.xcassets in Resources */,
				F84EB35B25BC28A0000702A2 /* Main.storyboard in Resources */,
			);
			runOnlyForDeploymentPostprocessing = 0;
		};
/* End PBXResourcesBuildPhase section */

/* Begin PBXShellScriptBuildPhase section */
		2CF93C98EE9235A456A4341E /* [CP] Check Pods Manifest.lock */ = {
			isa = PBXShellScriptBuildPhase;
			buildActionMask = 2147483647;
			files = (
			);
			inputFileListPaths = (
			);
			inputPaths = (
				"${PODS_PODFILE_DIR_PATH}/Podfile.lock",
				"${PODS_ROOT}/Manifest.lock",
			);
			name = "[CP] Check Pods Manifest.lock";
			outputFileListPaths = (
			);
			outputPaths = (
				"$(DERIVED_FILE_DIR)/Pods-unsplashTutorial-checkManifestLockResult.txt",
			);
			runOnlyForDeploymentPostprocessing = 0;
			shellPath = /bin/sh;
			shellScript = "diff \"${PODS_PODFILE_DIR_PATH}/Podfile.lock\" \"${PODS_ROOT}/Manifest.lock\" > /dev/null\nif [ $? != 0 ] ; then\n    # print error to STDERR\n    echo \"error: The sandbox is not in sync with the Podfile.lock. Run 'pod install' or update your CocoaPods installation.\" >&2\n    exit 1\nfi\n# This output is used by Xcode 'outputs' to avoid re-running this script phase.\necho \"SUCCESS\" > \"${SCRIPT_OUTPUT_FILE_0}\"\n";
			showEnvVarsInLog = 0;
		};
		9A3CF99636036185A86F4799 /* [CP] Embed Pods Frameworks */ = {
			isa = PBXShellScriptBuildPhase;
			buildActionMask = 2147483647;
			files = (
			);
			inputFileListPaths = (
				"${PODS_ROOT}/Target Support Files/Pods-unsplashTutorial/Pods-unsplashTutorial-frameworks-${CONFIGURATION}-input-files.xcfilelist",
			);
			name = "[CP] Embed Pods Frameworks";
			outputFileListPaths = (
				"${PODS_ROOT}/Target Support Files/Pods-unsplashTutorial/Pods-unsplashTutorial-frameworks-${CONFIGURATION}-output-files.xcfilelist",
			);
			runOnlyForDeploymentPostprocessing = 0;
			shellPath = /bin/sh;
			shellScript = "\"${PODS_ROOT}/Target Support Files/Pods-unsplashTutorial/Pods-unsplashTutorial-frameworks.sh\"\n";
			showEnvVarsInLog = 0;
		};
/* End PBXShellScriptBuildPhase section */

/* Begin PBXSourcesBuildPhase section */
		F84EB34C25BC28A0000702A2 /* Sources */ = {
			isa = PBXSourcesBuildPhase;
			buildActionMask = 2147483647;
			files = (
				F84EB35825BC28A0000702A2 /* HomeVC.swift in Sources */,
				F84EB35425BC28A0000702A2 /* AppDelegate.swift in Sources */,
				F87CD81425C03CC100723CC3 /* MySearchRouter.swift in Sources */,
				F87CD80E25BFD5BB00723CC3 /* BaseInterceptor.swift in Sources */,
				F84EB35625BC28A0000702A2 /* SceneDelegate.swift in Sources */,
				F84EB36B25BC2C4A000702A2 /* UserListVC.swift in Sources */,
				F87CD80B25BFD33900723CC3 /* MyAlamofireManager.swift in Sources */,
				F84EB36E25BC2CB0000702A2 /* PhotoCollectionVC.swift in Sources */,
				F87CD81125C03ABE00723CC3 /* MyLogger.swift in Sources */,
				F85561EC25BE55BC00D4D1DA /* BaseVC.swift in Sources */,
				F87CD81725C04DDA00723CC3 /* MyApiStatusLogger.swift in Sources */,
				F85561E725BE528D00D4D1DA /* Constants.swift in Sources */,
			);
			runOnlyForDeploymentPostprocessing = 0;
		};
/* End PBXSourcesBuildPhase section */

/* Begin PBXVariantGroup section */
		F84EB35925BC28A0000702A2 /* Main.storyboard */ = {
			isa = PBXVariantGroup;
			children = (
				F84EB35A25BC28A0000702A2 /* Base */,
			);
			name = Main.storyboard;
			sourceTree = "<group>";
		};
		F84EB35E25BC28A4000702A2 /* LaunchScreen.storyboard */ = {
			isa = PBXVariantGroup;
			children = (
				F84EB35F25BC28A4000702A2 /* Base */,
			);
			name = LaunchScreen.storyboard;
			sourceTree = "<group>";
		};
/* End PBXVariantGroup section */

/* Begin XCBuildConfiguration section */
		F84EB36225BC28A4000702A2 /* Debug */ = {
			isa = XCBuildConfiguration;
			buildSettings = {
				ALWAYS_SEARCH_USER_PATHS = NO;
				CLANG_ANALYZER_NONNULL = YES;
				CLANG_ANALYZER_NUMBER_OBJECT_CONVERSION = YES_AGGRESSIVE;
				CLANG_CXX_LANGUAGE_STANDARD = "gnu++14";
				CLANG_CXX_LIBRARY = "libc++";
				CLANG_ENABLE_MODULES = YES;
				CLANG_ENABLE_OBJC_ARC = YES;
				CLANG_ENABLE_OBJC_WEAK = YES;
				CLANG_WARN_BLOCK_CAPTURE_AUTORELEASING = YES;
				CLANG_WARN_BOOL_CONVERSION = YES;
				CLANG_WARN_COMMA = YES;
				CLANG_WARN_CONSTANT_CONVERSION = YES;
				CLANG_WARN_DEPRECATED_OBJC_IMPLEMENTATIONS = YES;
				CLANG_WARN_DIRECT_OBJC_ISA_USAGE = YES_ERROR;
				CLANG_WARN_DOCUMENTATION_COMMENTS = YES;
				CLANG_WARN_EMPTY_BODY = YES;
				CLANG_WARN_ENUM_CONVERSION = YES;
				CLANG_WARN_INFINITE_RECURSION = YES;
				CLANG_WARN_INT_CONVERSION = YES;
				CLANG_WARN_NON_LITERAL_NULL_CONVERSION = YES;
				CLANG_WARN_OBJC_IMPLICIT_RETAIN_SELF = YES;
				CLANG_WARN_OBJC_LITERAL_CONVERSION = YES;
				CLANG_WARN_OBJC_ROOT_CLASS = YES_ERROR;
				CLANG_WARN_QUOTED_INCLUDE_IN_FRAMEWORK_HEADER = YES;
				CLANG_WARN_RANGE_LOOP_ANALYSIS = YES;
				CLANG_WARN_STRICT_PROTOTYPES = YES;
				CLANG_WARN_SUSPICIOUS_MOVE = YES;
				CLANG_WARN_UNGUARDED_AVAILABILITY = YES_AGGRESSIVE;
				CLANG_WARN_UNREACHABLE_CODE = YES;
				CLANG_WARN__DUPLICATE_METHOD_MATCH = YES;
				COPY_PHASE_STRIP = NO;
				DEBUG_INFORMATION_FORMAT = dwarf;
				ENABLE_STRICT_OBJC_MSGSEND = YES;
				ENABLE_TESTABILITY = YES;
				GCC_C_LANGUAGE_STANDARD = gnu11;
				GCC_DYNAMIC_NO_PIC = NO;
				GCC_NO_COMMON_BLOCKS = YES;
				GCC_OPTIMIZATION_LEVEL = 0;
				GCC_PREPROCESSOR_DEFINITIONS = (
					"DEBUG=1",
					"$(inherited)",
				);
				GCC_WARN_64_TO_32_BIT_CONVERSION = YES;
				GCC_WARN_ABOUT_RETURN_TYPE = YES_ERROR;
				GCC_WARN_UNDECLARED_SELECTOR = YES;
				GCC_WARN_UNINITIALIZED_AUTOS = YES_AGGRESSIVE;
				GCC_WARN_UNUSED_FUNCTION = YES;
				GCC_WARN_UNUSED_VARIABLE = YES;
				IPHONEOS_DEPLOYMENT_TARGET = 14.3;
				MTL_ENABLE_DEBUG_INFO = INCLUDE_SOURCE;
				MTL_FAST_MATH = YES;
				ONLY_ACTIVE_ARCH = YES;
				SDKROOT = iphoneos;
				SWIFT_ACTIVE_COMPILATION_CONDITIONS = DEBUG;
				SWIFT_OPTIMIZATION_LEVEL = "-Onone";
			};
			name = Debug;
		};
		F84EB36325BC28A4000702A2 /* Release */ = {
			isa = XCBuildConfiguration;
			buildSettings = {
				ALWAYS_SEARCH_USER_PATHS = NO;
				CLANG_ANALYZER_NONNULL = YES;
				CLANG_ANALYZER_NUMBER_OBJECT_CONVERSION = YES_AGGRESSIVE;
				CLANG_CXX_LANGUAGE_STANDARD = "gnu++14";
				CLANG_CXX_LIBRARY = "libc++";
				CLANG_ENABLE_MODULES = YES;
				CLANG_ENABLE_OBJC_ARC = YES;
				CLANG_ENABLE_OBJC_WEAK = YES;
				CLANG_WARN_BLOCK_CAPTURE_AUTORELEASING = YES;
				CLANG_WARN_BOOL_CONVERSION = YES;
				CLANG_WARN_COMMA = YES;
				CLANG_WARN_CONSTANT_CONVERSION = YES;
				CLANG_WARN_DEPRECATED_OBJC_IMPLEMENTATIONS = YES;
				CLANG_WARN_DIRECT_OBJC_ISA_USAGE = YES_ERROR;
				CLANG_WARN_DOCUMENTATION_COMMENTS = YES;
				CLANG_WARN_EMPTY_BODY = YES;
				CLANG_WARN_ENUM_CONVERSION = YES;
				CLANG_WARN_INFINITE_RECURSION = YES;
				CLANG_WARN_INT_CONVERSION = YES;
				CLANG_WARN_NON_LITERAL_NULL_CONVERSION = YES;
				CLANG_WARN_OBJC_IMPLICIT_RETAIN_SELF = YES;
				CLANG_WARN_OBJC_LITERAL_CONVERSION = YES;
				CLANG_WARN_OBJC_ROOT_CLASS = YES_ERROR;
				CLANG_WARN_QUOTED_INCLUDE_IN_FRAMEWORK_HEADER = YES;
				CLANG_WARN_RANGE_LOOP_ANALYSIS = YES;
				CLANG_WARN_STRICT_PROTOTYPES = YES;
				CLANG_WARN_SUSPICIOUS_MOVE = YES;
				CLANG_WARN_UNGUARDED_AVAILABILITY = YES_AGGRESSIVE;
				CLANG_WARN_UNREACHABLE_CODE = YES;
				CLANG_WARN__DUPLICATE_METHOD_MATCH = YES;
				COPY_PHASE_STRIP = NO;
				DEBUG_INFORMATION_FORMAT = "dwarf-with-dsym";
				ENABLE_NS_ASSERTIONS = NO;
				ENABLE_STRICT_OBJC_MSGSEND = YES;
				GCC_C_LANGUAGE_STANDARD = gnu11;
				GCC_NO_COMMON_BLOCKS = YES;
				GCC_WARN_64_TO_32_BIT_CONVERSION = YES;
				GCC_WARN_ABOUT_RETURN_TYPE = YES_ERROR;
				GCC_WARN_UNDECLARED_SELECTOR = YES;
				GCC_WARN_UNINITIALIZED_AUTOS = YES_AGGRESSIVE;
				GCC_WARN_UNUSED_FUNCTION = YES;
				GCC_WARN_UNUSED_VARIABLE = YES;
				IPHONEOS_DEPLOYMENT_TARGET = 14.3;
				MTL_ENABLE_DEBUG_INFO = NO;
				MTL_FAST_MATH = YES;
				SDKROOT = iphoneos;
				SWIFT_COMPILATION_MODE = wholemodule;
				SWIFT_OPTIMIZATION_LEVEL = "-O";
				VALIDATE_PRODUCT = YES;
			};
			name = Release;
		};
		F84EB36525BC28A4000702A2 /* Debug */ = {
			isa = XCBuildConfiguration;
			baseConfigurationReference = 617B2DD34E1CE43C37ADED85 /* Pods-unsplashTutorial.debug.xcconfig */;
			buildSettings = {
				ASSETCATALOG_COMPILER_APPICON_NAME = AppIcon;
				ASSETCATALOG_COMPILER_GLOBAL_ACCENT_COLOR_NAME = AccentColor;
				CODE_SIGN_STYLE = Automatic;
				DEVELOPMENT_TEAM = T8C9SSEX5G;
				INFOPLIST_FILE = unsplashTutorial/Info.plist;
				IPHONEOS_DEPLOYMENT_TARGET = 14.0;
				LD_RUNPATH_SEARCH_PATHS = (
					"$(inherited)",
					"@executable_path/Frameworks",
				);
				PRODUCT_BUNDLE_IDENTIFIER = hyun99999.unsplashTutorial;
				PRODUCT_NAME = "$(TARGET_NAME)";
				SWIFT_VERSION = 5.0;
				TARGETED_DEVICE_FAMILY = "1,2";
			};
			name = Debug;
		};
		F84EB36625BC28A4000702A2 /* Release */ = {
			isa = XCBuildConfiguration;
			baseConfigurationReference = DE223E7837339F59BF4FD544 /* Pods-unsplashTutorial.release.xcconfig */;
			buildSettings = {
				ASSETCATALOG_COMPILER_APPICON_NAME = AppIcon;
				ASSETCATALOG_COMPILER_GLOBAL_ACCENT_COLOR_NAME = AccentColor;
				CODE_SIGN_STYLE = Automatic;
				DEVELOPMENT_TEAM = T8C9SSEX5G;
				INFOPLIST_FILE = unsplashTutorial/Info.plist;
				IPHONEOS_DEPLOYMENT_TARGET = 14.0;
				LD_RUNPATH_SEARCH_PATHS = (
					"$(inherited)",
					"@executable_path/Frameworks",
				);
				PRODUCT_BUNDLE_IDENTIFIER = hyun99999.unsplashTutorial;
				PRODUCT_NAME = "$(TARGET_NAME)";
				SWIFT_VERSION = 5.0;
				TARGETED_DEVICE_FAMILY = "1,2";
			};
			name = Release;
		};
/* End XCBuildConfiguration section */

/* Begin XCConfigurationList section */
		F84EB34B25BC289F000702A2 /* Build configuration list for PBXProject "unsplashTutorial" */ = {
			isa = XCConfigurationList;
			buildConfigurations = (
				F84EB36225BC28A4000702A2 /* Debug */,
				F84EB36325BC28A4000702A2 /* Release */,
			);
			defaultConfigurationIsVisible = 0;
			defaultConfigurationName = Release;
		};
		F84EB36425BC28A4000702A2 /* Build configuration list for PBXNativeTarget "unsplashTutorial" */ = {
			isa = XCConfigurationList;
			buildConfigurations = (
				F84EB36525BC28A4000702A2 /* Debug */,
				F84EB36625BC28A4000702A2 /* Release */,
			);
			defaultConfigurationIsVisible = 0;
			defaultConfigurationName = Release;
		};
/* End XCConfigurationList section */
	};
	rootObject = F84EB34825BC289F000702A2 /* Project object */;
}
